
Microsoft Visual Studio Solution File, Format Version 12.00
Project("{FAE04EC0-301F-11D3-BF4B-00C04F79EFBC}") = "NegativeToPositive", "NegativeToPositive\NegativeToPositive.csproj", "{DA0AFB59-D6DE-4BBA-9631-8619FC24FD16}"
EndProject
Global
	GlobalSection(SolutionConfigurationPlatforms) = preSolution
		Debug|Any CPU = Debug|Any CPU
		Release|Any CPU = Release|Any CPU
	EndGlobalSection
	GlobalSection(ProjectConfigurationPlatforms) = postSolution
		{DA0AFB59-D6DE-4BBA-9631-8619FC24FD16}.Debug|Any CPU.ActiveCfg = Debug|Any CPU
		{DA0AFB59-D6DE-4BBA-9631-8619FC24FD16}.Debug|Any CPU.Build.0 = Debug|Any CPU
		{DA0AFB59-D6DE-4BBA-9631-8619FC24FD16}.Release|Any CPU.ActiveCfg = Release|Any CPU
		{DA0AFB59-D6DE-4BBA-9631-8619FC24FD16}.Release|Any CPU.Build.0 = Release|Any CPU
	EndGlobalSection
EndGlobal
